
Microsoft Visual Studio Solution File, Format Version 12.00
# Visual Studio Version 17
VisualStudioVersion = 17.3.32922.545
MinimumVisualStudioVersion = 10.0.40219.1
Project("{FAE04EC0-301F-11D3-BF4B-00C04F79EFBC}") = "Demo01Cli", "Demo01Cli\Demo01Cli.csproj", "{DAF51C9B-3F26-4E1A-8A51-44ACC793E354}"
EndProject
Global
	GlobalSection(SolutionConfigurationPlatforms) = preSolution
		Debug|Any CPU = Debug|Any CPU
		Release|Any CPU = Release|Any CPU
	EndGlobalSection
	GlobalSection(ProjectConfigurationPlatforms) = postSolution
		{DAF51C9B-3F26-4E1A-8A51-44ACC793E354}.Debug|Any CPU.ActiveCfg = Debug|Any CPU
		{DAF51C9B-3F26-4E1A-8A51-44ACC793E354}.Debug|Any CPU.Build.0 = Debug|Any CPU
		{DAF51C9B-3F26-4E1A-8A51-44ACC793E354}.Release|Any CPU.ActiveCfg = Release|Any CPU
		{DAF51C9B-3F26-4E1A-8A51-44ACC793E354}.Release|Any CPU.Build.0 = Release|Any CPU
	EndGlobalSection
	GlobalSection(SolutionProperties) = preSolution
		HideSolutionNode = FALSE
	EndGlobalSection
	GlobalSection(ExtensibilityGlobals) = postSolution
		SolutionGuid = {06DCDD81-5D27-4945-8B9F-8E59DB7F0FF9}
	EndGlobalSection
EndGlobal
